// !$*UTF8*$!
{
	archiveVersion = 1;
	classes = {
	};
	objectVersion = 56;
	objects = {

/* Begin PBXBuildFile section */
		A6419ECF2B244306005820A1 /* StringCatalogSampleApp.swift in Sources */ = {isa = PBXBuildFile; fileRef = A6419ECE2B244306005820A1 /* StringCatalogSampleApp.swift */; };
		A6419ED12B244306005820A1 /* ContentView.swift in Sources */ = {isa = PBXBuildFile; fileRef = A6419ED02B244306005820A1 /* ContentView.swift */; };
		A6419ED32B244309005820A1 /* Assets.xcassets in Resources */ = {isa = PBXBuildFile; fileRef = A6419ED22B244309005820A1 /* Assets.xcassets */; };
		A6419ED62B244309005820A1 /* Preview Assets.xcassets in Resources */ = {isa = PBXBuildFile; fileRef = A6419ED52B244309005820A1 /* Preview Assets.xcassets */; };
		A6419EE02B244309005820A1 /* StringCatalogSampleTests.swift in Sources */ = {isa = PBXBuildFile; fileRef = A6419EDF2B244309005820A1 /* StringCatalogSampleTests.swift */; };
		A6419EEA2B244309005820A1 /* StringCatalogSampleUITests.swift in Sources */ = {isa = PBXBuildFile; fileRef = A6419EE92B244309005820A1 /* StringCatalogSampleUITests.swift */; };
		A6419EEC2B244309005820A1 /* StringCatalogSampleUITestsLaunchTests.swift in Sources */ = {isa = PBXBuildFile; fileRef = A6419EEB2B244309005820A1 /* StringCatalogSampleUITestsLaunchTests.swift */; };
		A6419EFA2B244464005820A1 /* Localizable.xcstrings in Resources */ = {isa = PBXBuildFile; fileRef = A6419EF92B244464005820A1 /* Localizable.xcstrings */; };
		A68FD51F2B245F1E0080D712 /* Feature in Frameworks */ = {isa = PBXBuildFile; productRef = A68FD51E2B245F1E0080D712 /* Feature */; };
/* End PBXBuildFile section */

/* Begin PBXContainerItemProxy section */
		A6419EDC2B244309005820A1 /* PBXContainerItemProxy */ = {
			isa = PBXContainerItemProxy;
			containerPortal = A6419EC32B244306005820A1 /* Project object */;
			proxyType = 1;
			remoteGlobalIDString = A6419ECA2B244306005820A1;
			remoteInfo = StringCatalogSample;
		};
		A6419EE62B244309005820A1 /* PBXContainerItemProxy */ = {
			isa = PBXContainerItemProxy;
			containerPortal = A6419EC32B244306005820A1 /* Project object */;
			proxyType = 1;
			remoteGlobalIDString = A6419ECA2B244306005820A1;
			remoteInfo = StringCatalogSample;
		};
/* End PBXContainerItemProxy section */

/* Begin PBXFileReference section */
		A6419ECB2B244306005820A1 /* StringCatalogSample.app */ = {isa = PBXFileReference; explicitFileType = wrapper.application; includeInIndex = 0; path = StringCatalogSample.app; sourceTree = BUILT_PRODUCTS_DIR; };
		A6419ECE2B244306005820A1 /* StringCatalogSampleApp.swift */ = {isa = PBXFileReference; lastKnownFileType = sourcecode.swift; path = StringCatalogSampleApp.swift; sourceTree = "<group>"; };
		A6419ED02B244306005820A1 /* ContentView.swift */ = {isa = PBXFileReference; lastKnownFileType = sourcecode.swift; path = ContentView.swift; sourceTree = "<group>"; };
		A6419ED22B244309005820A1 /* Assets.xcassets */ = {isa = PBXFileReference; lastKnownFileType = folder.assetcatalog; path = Assets.xcassets; sourceTree = "<group>"; };
		A6419ED52B244309005820A1 /* Preview Assets.xcassets */ = {isa = PBXFileReference; lastKnownFileType = folder.assetcatalog; path = "Preview Assets.xcassets"; sourceTree = "<group>"; };
		A6419EDB2B244309005820A1 /* StringCatalogSampleTests.xctest */ = {isa = PBXFileReference; explicitFileType = wrapper.cfbundle; includeInIndex = 0; path = StringCatalogSampleTests.xctest; sourceTree = BUILT_PRODUCTS_DIR; };
		A6419EDF2B244309005820A1 /* StringCatalogSampleTests.swift */ = {isa = PBXFileReference; lastKnownFileType = sourcecode.swift; path = StringCatalogSampleTests.swift; sourceTree = "<group>"; };
		A6419EE52B244309005820A1 /* StringCatalogSampleUITests.xctest */ = {isa = PBXFileReference; explicitFileType = wrapper.cfbundle; includeInIndex = 0; path = StringCatalogSampleUITests.xctest; sourceTree = BUILT_PRODUCTS_DIR; };
		A6419EE92B244309005820A1 /* StringCatalogSampleUITests.swift */ = {isa = PBXFileReference; lastKnownFileType = sourcecode.swift; path = StringCatalogSampleUITests.swift; sourceTree = "<group>"; };
		A6419EEB2B244309005820A1 /* StringCatalogSampleUITestsLaunchTests.swift */ = {isa = PBXFileReference; lastKnownFileType = sourcecode.swift; path = StringCatalogSampleUITestsLaunchTests.swift; sourceTree = "<group>"; };
		A6419EF82B24433C005820A1 /* SampleLibrary */ = {isa = PBXFileReference; lastKnownFileType = wrapper; path = SampleLibrary; sourceTree = "<group>"; };
		A6419EF92B244464005820A1 /* Localizable.xcstrings */ = {isa = PBXFileReference; lastKnownFileType = text.json.xcstrings; path = Localizable.xcstrings; sourceTree = "<group>"; };
/* End PBXFileReference section */

/* Begin PBXFrameworksBuildPhase section */
		A6419EC82B244306005820A1 /* Frameworks */ = {
			isa = PBXFrameworksBuildPhase;
			buildActionMask = 2147483647;
			files = (
				A68FD51F2B245F1E0080D712 /* Feature in Frameworks */,
			);
			runOnlyForDeploymentPostprocessing = 0;
		};
		A6419ED82B244309005820A1 /* Frameworks */ = {
			isa = PBXFrameworksBuildPhase;
			buildActionMask = 2147483647;
			files = (
			);
			runOnlyForDeploymentPostprocessing = 0;
		};
		A6419EE22B244309005820A1 /* Frameworks */ = {
			isa = PBXFrameworksBuildPhase;
			buildActionMask = 2147483647;
			files = (
			);
			runOnlyForDeploymentPostprocessing = 0;
		};
/* End PBXFrameworksBuildPhase section */

/* Begin PBXGroup section */
		A6419EC22B244306005820A1 = {
			isa = PBXGroup;
			children = (
				A6419EF82B24433C005820A1 /* SampleLibrary */,
				A6419ECD2B244306005820A1 /* StringCatalogSample */,
				A6419EDE2B244309005820A1 /* StringCatalogSampleTests */,
				A6419EE82B244309005820A1 /* StringCatalogSampleUITests */,
				A6419ECC2B244306005820A1 /* Products */,
				A68FD51D2B245F0B0080D712 /* Frameworks */,
			);
			sourceTree = "<group>";
		};
		A6419ECC2B244306005820A1 /* Products */ = {
			isa = PBXGroup;
			children = (
				A6419ECB2B244306005820A1 /* StringCatalogSample.app */,
				A6419EDB2B244309005820A1 /* StringCatalogSampleTests.xctest */,
				A6419EE52B244309005820A1 /* StringCatalogSampleUITests.xctest */,
			);
			name = Products;
			sourceTree = "<group>";
		};
		A6419ECD2B244306005820A1 /* StringCatalogSample */ = {
			isa = PBXGroup;
			children = (
				A6419ECE2B244306005820A1 /* StringCatalogSampleApp.swift */,
				A6419ED02B244306005820A1 /* ContentView.swift */,
				A6419ED22B244309005820A1 /* Assets.xcassets */,
				A6419ED42B244309005820A1 /* Preview Content */,
				A6419EF92B244464005820A1 /* Localizable.xcstrings */,
			);
			path = StringCatalogSample;
			sourceTree = "<group>";
		};
		A6419ED42B244309005820A1 /* Preview Content */ = {
			isa = PBXGroup;
			children = (
				A6419ED52B244309005820A1 /* Preview Assets.xcassets */,
			);
			path = "Preview Content";
			sourceTree = "<group>";
		};
		A6419EDE2B244309005820A1 /* StringCatalogSampleTests */ = {
			isa = PBXGroup;
			children = (
				A6419EDF2B244309005820A1 /* StringCatalogSampleTests.swift */,
			);
			path = StringCatalogSampleTests;
			sourceTree = "<group>";
		};
		A6419EE82B244309005820A1 /* StringCatalogSampleUITests */ = {
			isa = PBXGroup;
			children = (
				A6419EE92B244309005820A1 /* StringCatalogSampleUITests.swift */,
				A6419EEB2B244309005820A1 /* StringCatalogSampleUITestsLaunchTests.swift */,
			);
			path = StringCatalogSampleUITests;
			sourceTree = "<group>";
		};
		A68FD51D2B245F0B0080D712 /* Frameworks */ = {
			isa = PBXGroup;
			children = (
			);
			name = Frameworks;
			sourceTree = "<group>";
		};
/* End PBXGroup section */

/* Begin PBXNativeTarget section */
		A6419ECA2B244306005820A1 /* StringCatalogSample */ = {
			isa = PBXNativeTarget;
			buildConfigurationList = A6419EEF2B244309005820A1 /* Build configuration list for PBXNativeTarget "StringCatalogSample" */;
			buildPhases = (
				A6419EC72B244306005820A1 /* Sources */,
				A6419EC82B244306005820A1 /* Frameworks */,
				A6419EC92B244306005820A1 /* Resources */,
			);
			buildRules = (
			);
			dependencies = (
			);
			name = StringCatalogSample;
			packageProductDependencies = (
				A68FD51E2B245F1E0080D712 /* Feature */,
			);
			productName = StringCatalogSample;
			productReference = A6419ECB2B244306005820A1 /* StringCatalogSample.app */;
			productType = "com.apple.product-type.application";
		};
		A6419EDA2B244309005820A1 /* StringCatalogSampleTests */ = {
			isa = PBXNativeTarget;
			buildConfigurationList = A6419EF22B244309005820A1 /* Build configuration list for PBXNativeTarget "StringCatalogSampleTests" */;
			buildPhases = (
				A6419ED72B244309005820A1 /* Sources */,
				A6419ED82B244309005820A1 /* Frameworks */,
				A6419ED92B244309005820A1 /* Resources */,
			);
			buildRules = (
			);
			dependencies = (
				A6419EDD2B244309005820A1 /* PBXTargetDependency */,
			);
			name = StringCatalogSampleTests;
			productName = StringCatalogSampleTests;
			productReference = A6419EDB2B244309005820A1 /* StringCatalogSampleTests.xctest */;
			productType = "com.apple.product-type.bundle.unit-test";
		};
		A6419EE42B244309005820A1 /* StringCatalogSampleUITests */ = {
			isa = PBXNativeTarget;
			buildConfigurationList = A6419EF52B244309005820A1 /* Build configuration list for PBXNativeTarget "StringCatalogSampleUITests" */;
			buildPhases = (
				A6419EE12B244309005820A1 /* Sources */,
				A6419EE22B244309005820A1 /* Frameworks */,
				A6419EE32B244309005820A1 /* Resources */,
			);
			buildRules = (
			);
			dependencies = (
				A6419EE72B244309005820A1 /* PBXTargetDependency */,
			);
			name = StringCatalogSampleUITests;
			productName = StringCatalogSampleUITests;
			productReference = A6419EE52B244309005820A1 /* StringCatalogSampleUITests.xctest */;
			productType = "com.apple.product-type.bundle.ui-testing";
		};
/* End PBXNativeTarget section */

/* Begin PBXProject section */
		A6419EC32B244306005820A1 /* Project object */ = {
			isa = PBXProject;
			attributes = {
				BuildIndependentTargetsInParallel = 1;
				LastSwiftUpdateCheck = 1500;
				LastUpgradeCheck = 1500;
				TargetAttributes = {
					A6419ECA2B244306005820A1 = {
						CreatedOnToolsVersion = 15.0.1;
					};
					A6419EDA2B244309005820A1 = {
						CreatedOnToolsVersion = 15.0.1;
						TestTargetID = A6419ECA2B244306005820A1;
					};
					A6419EE42B244309005820A1 = {
						CreatedOnToolsVersion = 15.0.1;
						TestTargetID = A6419ECA2B244306005820A1;
					};
				};
			};
			buildConfigurationList = A6419EC62B244306005820A1 /* Build configuration list for PBXProject "StringCatalogSample" */;
			compatibilityVersion = "Xcode 14.0";
			developmentRegion = en;
			hasScannedForEncodings = 0;
			knownRegions = (
				en,
				Base,
			);
			mainGroup = A6419EC22B244306005820A1;
			productRefGroup = A6419ECC2B244306005820A1 /* Products */;
			projectDirPath = "";
			projectRoot = "";
			targets = (
				A6419ECA2B244306005820A1 /* StringCatalogSample */,
				A6419EDA2B244309005820A1 /* StringCatalogSampleTests */,
				A6419EE42B244309005820A1 /* StringCatalogSampleUITests */,
			);
		};
/* End PBXProject section */

/* Begin PBXResourcesBuildPhase section */
		A6419EC92B244306005820A1 /* Resources */ = {
			isa = PBXResourcesBuildPhase;
			buildActionMask = 2147483647;
			files = (
				A6419ED62B244309005820A1 /* Preview Assets.xcassets in Resources */,
				A6419ED32B244309005820A1 /* Assets.xcassets in Resources */,
				A6419EFA2B244464005820A1 /* Localizable.xcstrings in Resources */,
			);
			runOnlyForDeploymentPostprocessing = 0;
		};
		A6419ED92B244309005820A1 /* Resources */ = {
			isa = PBXResourcesBuildPhase;
			buildActionMask = 2147483647;
			files = (
			);
			runOnlyForDeploymentPostprocessing = 0;
		};
		A6419EE32B244309005820A1 /* Resources */ = {
			isa = PBXResourcesBuildPhase;
			buildActionMask = 2147483647;
			files = (
			);
			runOnlyForDeploymentPostprocessing = 0;
		};
/* End PBXResourcesBuildPhase section */

/* Begin PBXSourcesBuildPhase section */
		A6419EC72B244306005820A1 /* Sources */ = {
			isa = PBXSourcesBuildPhase;
			buildActionMask = 2147483647;
			files = (
				A6419ED12B244306005820A1 /* ContentView.swift in Sources */,
				A6419ECF2B244306005820A1 /* StringCatalogSampleApp.swift in Sources */,
			);
			runOnlyForDeploymentPostprocessing = 0;
		};
		A6419ED72B244309005820A1 /* Sources */ = {
			isa = PBXSourcesBuildPhase;
			buildActionMask = 2147483647;
			files = (
				A6419EE02B244309005820A1 /* StringCatalogSampleTests.swift in Sources */,
			);
			runOnlyForDeploymentPostprocessing = 0;
		};
		A6419EE12B244309005820A1 /* Sources */ = {
			isa = PBXSourcesBuildPhase;
			buildActionMask = 2147483647;
			files = (
				A6419EEA2B244309005820A1 /* StringCatalogSampleUITests.swift in Sources */,
				A6419EEC2B244309005820A1 /* StringCatalogSampleUITestsLaunchTests.swift in Sources */,
			);
			runOnlyForDeploymentPostprocessing = 0;
		};
/* End PBXSourcesBuildPhase section */

/* Begin PBXTargetDependency section */
		A6419EDD2B244309005820A1 /* PBXTargetDependency */ = {
			isa = PBXTargetDependency;
			target = A6419ECA2B244306005820A1 /* StringCatalogSample */;
			targetProxy = A6419EDC2B244309005820A1 /* PBXContainerItemProxy */;
		};
		A6419EE72B244309005820A1 /* PBXTargetDependency */ = {
			isa = PBXTargetDependency;
			target = A6419ECA2B244306005820A1 /* StringCatalogSample */;
			targetProxy = A6419EE62B244309005820A1 /* PBXContainerItemProxy */;
		};
/* End PBXTargetDependency section */

/* Begin XCBuildConfiguration section */
		A6419EED2B244309005820A1 /* Debug */ = {
			isa = XCBuildConfiguration;
			buildSettings = {
				ALWAYS_SEARCH_USER_PATHS = NO;
				ASSETCATALOG_COMPILER_GENERATE_SWIFT_ASSET_SYMBOL_EXTENSIONS = YES;
				CLANG_ANALYZER_NONNULL = YES;
				CLANG_ANALYZER_NUMBER_OBJECT_CONVERSION = YES_AGGRESSIVE;
				CLANG_CXX_LANGUAGE_STANDARD = "gnu++20";
				CLANG_ENABLE_MODULES = YES;
				CLANG_ENABLE_OBJC_ARC = YES;
				CLANG_ENABLE_OBJC_WEAK = YES;
				CLANG_WARN_BLOCK_CAPTURE_AUTORELEASING = YES;
				CLANG_WARN_BOOL_CONVERSION = YES;
				CLANG_WARN_COMMA = YES;
				CLANG_WARN_CONSTANT_CONVERSION = YES;
				CLANG_WARN_DEPRECATED_OBJC_IMPLEMENTATIONS = YES;
				CLANG_WARN_DIRECT_OBJC_ISA_USAGE = YES_ERROR;
				CLANG_WARN_DOCUMENTATION_COMMENTS = YES;
				CLANG_WARN_EMPTY_BODY = YES;
				CLANG_WARN_ENUM_CONVERSION = YES;
				CLANG_WARN_INFINITE_RECURSION = YES;
				CLANG_WARN_INT_CONVERSION = YES;
				CLANG_WARN_NON_LITERAL_NULL_CONVERSION = YES;
				CLANG_WARN_OBJC_IMPLICIT_RETAIN_SELF = YES;
				CLANG_WARN_OBJC_LITERAL_CONVERSION = YES;
				CLANG_WARN_OBJC_ROOT_CLASS = YES_ERROR;
				CLANG_WARN_QUOTED_INCLUDE_IN_FRAMEWORK_HEADER = YES;
				CLANG_WARN_RANGE_LOOP_ANALYSIS = YES;
				CLANG_WARN_STRICT_PROTOTYPES = YES;
				CLANG_WARN_SUSPICIOUS_MOVE = YES;
				CLANG_WARN_UNGUARDED_AVAILABILITY = YES_AGGRESSIVE;
				CLANG_WARN_UNREACHABLE_CODE = YES;
				CLANG_WARN__DUPLICATE_METHOD_MATCH = YES;
				COPY_PHASE_STRIP = NO;
				DEBUG_INFORMATION_FORMAT = dwarf;
				ENABLE_STRICT_OBJC_MSGSEND = YES;
				ENABLE_TESTABILITY = YES;
				ENABLE_USER_SCRIPT_SANDBOXING = YES;
				GCC_C_LANGUAGE_STANDARD = gnu17;
				GCC_DYNAMIC_NO_PIC = NO;
				GCC_NO_COMMON_BLOCKS = YES;
				GCC_OPTIMIZATION_LEVEL = 0;
				GCC_PREPROCESSOR_DEFINITIONS = (
					"DEBUG=1",
					"$(inherited)",
				);
				GCC_WARN_64_TO_32_BIT_CONVERSION = YES;
				GCC_WARN_ABOUT_RETURN_TYPE = YES_ERROR;
				GCC_WARN_UNDECLARED_SELECTOR = YES;
				GCC_WARN_UNINITIALIZED_AUTOS = YES_AGGRESSIVE;
				GCC_WARN_UNUSED_FUNCTION = YES;
				GCC_WARN_UNUSED_VARIABLE = YES;
				IPHONEOS_DEPLOYMENT_TARGET = 17.0;
				LOCALIZATION_PREFERS_STRING_CATALOGS = YES;
				MTL_ENABLE_DEBUG_INFO = INCLUDE_SOURCE;
				MTL_FAST_MATH = YES;
				ONLY_ACTIVE_ARCH = YES;
				SDKROOT = iphoneos;
				SWIFT_ACTIVE_COMPILATION_CONDITIONS = "DEBUG $(inherited)";
				SWIFT_OPTIMIZATION_LEVEL = "-Onone";
			};
			name = Debug;
		};
		A6419EEE2B244309005820A1 /* Release */ = {
			isa = XCBuildConfiguration;
			buildSettings = {
				ALWAYS_SEARCH_USER_PATHS = NO;
				ASSETCATALOG_COMPILER_GENERATE_SWIFT_ASSET_SYMBOL_EXTENSIONS = YES;
				CLANG_ANALYZER_NONNULL = YES;
				CLANG_ANALYZER_NUMBER_OBJECT_CONVERSION = YES_AGGRESSIVE;
				CLANG_CXX_LANGUAGE_STANDARD = "gnu++20";
				CLANG_ENABLE_MODULES = YES;
				CLANG_ENABLE_OBJC_ARC = YES;
				CLANG_ENABLE_OBJC_WEAK = YES;
				CLANG_WARN_BLOCK_CAPTURE_AUTORELEASING = YES;
				CLANG_WARN_BOOL_CONVERSION = YES;
				CLANG_WARN_COMMA = YES;
				CLANG_WARN_CONSTANT_CONVERSION = YES;
				CLANG_WARN_DEPRECATED_OBJC_IMPLEMENTATIONS = YES;
				CLANG_WARN_DIRECT_OBJC_ISA_USAGE = YES_ERROR;
				CLANG_WARN_DOCUMENTATION_COMMENTS = YES;
				CLANG_WARN_EMPTY_BODY = YES;
				CLANG_WARN_ENUM_CONVERSION = YES;
				CLANG_WARN_INFINITE_RECURSION = YES;
				CLANG_WARN_INT_CONVERSION = YES;
				CLANG_WARN_NON_LITERAL_NULL_CONVERSION = YES;
				CLANG_WARN_OBJC_IMPLICIT_RETAIN_SELF = YES;
				CLANG_WARN_OBJC_LITERAL_CONVERSION = YES;
				CLANG_WARN_OBJC_ROOT_CLASS = YES_ERROR;
				CLANG_WARN_QUOTED_INCLUDE_IN_FRAMEWORK_HEADER = YES;
				CLANG_WARN_RANGE_LOOP_ANALYSIS = YES;
				CLANG_WARN_STRICT_PROTOTYPES = YES;
				CLANG_WARN_SUSPICIOUS_MOVE = YES;
				CLANG_WARN_UNGUARDED_AVAILABILITY = YES_AGGRESSIVE;
				CLANG_WARN_UNREACHABLE_CODE = YES;
				CLANG_WARN__DUPLICATE_METHOD_MATCH = YES;
				COPY_PHASE_STRIP = NO;
				DEBUG_INFORMATION_FORMAT = "dwarf-with-dsym";
				ENABLE_NS_ASSERTIONS = NO;
				ENABLE_STRICT_OBJC_MSGSEND = YES;
				ENABLE_USER_SCRIPT_SANDBOXING = YES;
				GCC_C_LANGUAGE_STANDARD = gnu17;
				GCC_NO_COMMON_BLOCKS = YES;
				GCC_WARN_64_TO_32_BIT_CONVERSION = YES;
				GCC_WARN_ABOUT_RETURN_TYPE = YES_ERROR;
				GCC_WARN_UNDECLARED_SELECTOR = YES;
				GCC_WARN_UNINITIALIZED_AUTOS = YES_AGGRESSIVE;
				GCC_WARN_UNUSED_FUNCTION = YES;
				GCC_WARN_UNUSED_VARIABLE = YES;
				IPHONEOS_DEPLOYMENT_TARGET = 17.0;
				LOCALIZATION_PREFERS_STRING_CATALOGS = YES;
				MTL_ENABLE_DEBUG_INFO = NO;
				MTL_FAST_MATH = YES;
				SDKROOT = iphoneos;
				SWIFT_COMPILATION_MODE = wholemodule;
				VALIDATE_PRODUCT = YES;
			};
			name = Release;
		};
		A6419EF02B244309005820A1 /* Debug */ = {
			isa = XCBuildConfiguration;
			buildSettings = {
				ASSETCATALOG_COMPILER_APPICON_NAME = AppIcon;
				ASSETCATALOG_COMPILER_GLOBAL_ACCENT_COLOR_NAME = AccentColor;
				CODE_SIGN_STYLE = Automatic;
				CURRENT_PROJECT_VERSION = 1;
				DEVELOPMENT_ASSET_PATHS = "\"StringCatalogSample/Preview Content\"";
				DEVELOPMENT_TEAM = M4DFJLV2VG;
				ENABLE_PREVIEWS = YES;
				GENERATE_INFOPLIST_FILE = YES;
				INFOPLIST_FILE = StringCatalogSample/Info.plist;
				INFOPLIST_KEY_UIApplicationSceneManifest_Generation = YES;
				INFOPLIST_KEY_UIApplicationSupportsIndirectInputEvents = YES;
				INFOPLIST_KEY_UILaunchScreen_Generation = YES;
				INFOPLIST_KEY_UISupportedInterfaceOrientations_iPad = "UIInterfaceOrientationPortrait UIInterfaceOrientationPortraitUpsideDown UIInterfaceOrientationLandscapeLeft UIInterfaceOrientationLandscapeRight";
				INFOPLIST_KEY_UISupportedInterfaceOrientations_iPhone = "UIInterfaceOrientationPortrait UIInterfaceOrientationLandscapeLeft UIInterfaceOrientationLandscapeRight";
				IPHONEOS_DEPLOYMENT_TARGET = 16.0;
				LD_RUNPATH_SEARCH_PATHS = (
					"$(inherited)",
					"@executable_path/Frameworks",
				);
				MARKETING_VERSION = 1.0;
				PRODUCT_BUNDLE_IDENTIFIER = com.gmail.daikiumehara3.StringCatalogSample;
				PRODUCT_NAME = "$(TARGET_NAME)";
				SWIFT_EMIT_LOC_STRINGS = YES;
				SWIFT_VERSION = 5.0;
				TARGETED_DEVICE_FAMILY = "1,2";
			};
			name = Debug;
		};
		A6419EF12B244309005820A1 /* Release */ = {
			isa = XCBuildConfiguration;
			buildSettings = {
				ASSETCATALOG_COMPILER_APPICON_NAME = AppIcon;
				ASSETCATALOG_COMPILER_GLOBAL_ACCENT_COLOR_NAME = AccentColor;
				CODE_SIGN_STYLE = Automatic;
				CURRENT_PROJECT_VERSION = 1;
				DEVELOPMENT_ASSET_PATHS = "\"StringCatalogSample/Preview Content\"";
				DEVELOPMENT_TEAM = M4DFJLV2VG;
				ENABLE_PREVIEWS = YES;
				GENERATE_INFOPLIST_FILE = YES;
				INFOPLIST_FILE = StringCatalogSample/Info.plist;
				INFOPLIST_KEY_UIApplicationSceneManifest_Generation = YES;
				INFOPLIST_KEY_UIApplicationSupportsIndirectInputEvents = YES;
				INFOPLIST_KEY_UILaunchScreen_Generation = YES;
				INFOPLIST_KEY_UISupportedInterfaceOrientations_iPad = "UIInterfaceOrientationPortrait UIInterfaceOrientationPortraitUpsideDown UIInterfaceOrientationLandscapeLeft UIInterfaceOrientationLandscapeRight";
				INFOPLIST_KEY_UISupportedInterfaceOrientations_iPhone = "UIInterfaceOrientationPortrait UIInterfaceOrientationLandscapeLeft UIInterfaceOrientationLandscapeRight";
				IPHONEOS_DEPLOYMENT_TARGET = 16.0;
				LD_RUNPATH_SEARCH_PATHS = (
					"$(inherited)",
					"@executable_path/Frameworks",
				);
				MARKETING_VERSION = 1.0;
				PRODUCT_BUNDLE_IDENTIFIER = com.gmail.daikiumehara3.StringCatalogSample;
				PRODUCT_NAME = "$(TARGET_NAME)";
				SWIFT_EMIT_LOC_STRINGS = YES;
				SWIFT_VERSION = 5.0;
				TARGETED_DEVICE_FAMILY = "1,2";
			};
			name = Release;
		};
		A6419EF32B244309005820A1 /* Debug */ = {
			isa = XCBuildConfiguration;
			buildSettings = {
				ALWAYS_EMBED_SWIFT_STANDARD_LIBRARIES = YES;
				BUNDLE_LOADER = "$(TEST_HOST)";
				CODE_SIGN_STYLE = Automatic;
				CURRENT_PROJECT_VERSION = 1;
				DEVELOPMENT_TEAM = M4DFJLV2VG;
				GENERATE_INFOPLIST_FILE = YES;
				IPHONEOS_DEPLOYMENT_TARGET = 17.0;
				MARKETING_VERSION = 1.0;
				PRODUCT_BUNDLE_IDENTIFIER = com.gmail.daikiumehara3.StringCatalogSampleTests;
				PRODUCT_NAME = "$(TARGET_NAME)";
				SWIFT_EMIT_LOC_STRINGS = NO;
				SWIFT_VERSION = 5.0;
				TARGETED_DEVICE_FAMILY = "1,2";
				TEST_HOST = "$(BUILT_PRODUCTS_DIR)/StringCatalogSample.app/$(BUNDLE_EXECUTABLE_FOLDER_PATH)/StringCatalogSample";
			};
			name = Debug;
		};
		A6419EF42B244309005820A1 /* Release */ = {
			isa = XCBuildConfiguration;
			buildSettings = {
				ALWAYS_EMBED_SWIFT_STANDARD_LIBRARIES = YES;
				BUNDLE_LOADER = "$(TEST_HOST)";
				CODE_SIGN_STYLE = Automatic;
				CURRENT_PROJECT_VERSION = 1;
				DEVELOPMENT_TEAM = M4DFJLV2VG;
				GENERATE_INFOPLIST_FILE = YES;
				IPHONEOS_DEPLOYMENT_TARGET = 17.0;
				MARKETING_VERSION = 1.0;
				PRODUCT_BUNDLE_IDENTIFIER = com.gmail.daikiumehara3.StringCatalogSampleTests;
				PRODUCT_NAME = "$(TARGET_NAME)";
				SWIFT_EMIT_LOC_STRINGS = NO;
				SWIFT_VERSION = 5.0;
				TARGETED_DEVICE_FAMILY = "1,2";
				TEST_HOST = "$(BUILT_PRODUCTS_DIR)/StringCatalogSample.app/$(BUNDLE_EXECUTABLE_FOLDER_PATH)/StringCatalogSample";
			};
			name = Release;
		};
		A6419EF62B244309005820A1 /* Debug */ = {
			isa = XCBuildConfiguration;
			buildSettings = {
				ALWAYS_EMBED_SWIFT_STANDARD_LIBRARIES = YES;
				CODE_SIGN_STYLE = Automatic;
				CURRENT_PROJECT_VERSION = 1;
				DEVELOPMENT_TEAM = M4DFJLV2VG;
				GENERATE_INFOPLIST_FILE = YES;
				MARKETING_VERSION = 1.0;
				PRODUCT_BUNDLE_IDENTIFIER = com.gmail.daikiumehara3.StringCatalogSampleUITests;
				PRODUCT_NAME = "$(TARGET_NAME)";
				SWIFT_EMIT_LOC_STRINGS = NO;
				SWIFT_VERSION = 5.0;
				TARGETED_DEVICE_FAMILY = "1,2";
				TEST_TARGET_NAME = StringCatalogSample;
			};
			name = Debug;
		};
		A6419EF72B244309005820A1 /* Release */ = {
			isa = XCBuildConfiguration;
			buildSettings = {
				ALWAYS_EMBED_SWIFT_STANDARD_LIBRARIES = YES;
				CODE_SIGN_STYLE = Automatic;
				CURRENT_PROJECT_VERSION = 1;
				DEVELOPMENT_TEAM = M4DFJLV2VG;
				GENERATE_INFOPLIST_FILE = YES;
				MARKETING_VERSION = 1.0;
				PRODUCT_BUNDLE_IDENTIFIER = com.gmail.daikiumehara3.StringCatalogSampleUITests;
				PRODUCT_NAME = "$(TARGET_NAME)";
				SWIFT_EMIT_LOC_STRINGS = NO;
				SWIFT_VERSION = 5.0;
				TARGETED_DEVICE_FAMILY = "1,2";
				TEST_TARGET_NAME = StringCatalogSample;
			};
			name = Release;
		};
/* End XCBuildConfiguration section */

/* Begin XCConfigurationList section */
		A6419EC62B244306005820A1 /* Build configuration list for PBXProject "StringCatalogSample" */ = {
			isa = XCConfigurationList;
			buildConfigurations = (
				A6419EED2B244309005820A1 /* Debug */,
				A6419EEE2B244309005820A1 /* Release */,
			);
			defaultConfigurationIsVisible = 0;
			defaultConfigurationName = Release;
		};
		A6419EEF2B244309005820A1 /* Build configuration list for PBXNativeTarget "StringCatalogSample" */ = {
			isa = XCConfigurationList;
			buildConfigurations = (
				A6419EF02B244309005820A1 /* Debug */,
				A6419EF12B244309005820A1 /* Release */,
			);
			defaultConfigurationIsVisible = 0;
			defaultConfigurationName = Release;
		};
		A6419EF22B244309005820A1 /* Build configuration list for PBXNativeTarget "StringCatalogSampleTests" */ = {
			isa = XCConfigurationList;
			buildConfigurations = (
				A6419EF32B244309005820A1 /* Debug */,
				A6419EF42B244309005820A1 /* Release */,
			);
			defaultConfigurationIsVisible = 0;
			defaultConfigurationName = Release;
		};
		A6419EF52B244309005820A1 /* Build configuration list for PBXNativeTarget "StringCatalogSampleUITests" */ = {
			isa = XCConfigurationList;
			buildConfigurations = (
				A6419EF62B244309005820A1 /* Debug */,
				A6419EF72B244309005820A1 /* Release */,
			);
			defaultConfigurationIsVisible = 0;
			defaultConfigurationName = Release;
		};
/* End XCConfigurationList section */

/* Begin XCSwiftPackageProductDependency section */
		A68FD51E2B245F1E0080D712 /* Feature */ = {
			isa = XCSwiftPackageProductDependency;
			productName = Feature;
		};
/* End XCSwiftPackageProductDependency section */
	};
	rootObject = A6419EC32B244306005820A1 /* Project object */;
}
